
Microsoft Visual Studio Solution File, Format Version 12.00
# Visual Studio Version 17
VisualStudioVersion = 17.1.32407.343
MinimumVisualStudioVersion = 10.0.40219.1
Project("{9A19103F-16F7-4668-BE54-9A1E7A4F7556}") = "Rbac.MyDbcontextEF", "Rbac.MyDbcontextEF\Rbac.MyDbcontextEF.csproj", "{109A80CC-BEFF-4227-822C-42D5D79E07E5}"
EndProject
Project("{9A19103F-16F7-4668-BE54-9A1E7A4F7556}") = "Rbac.MeunApi", "Rbac.MeunApi\Rbac.MeunApi.csproj", "{2DF38306-8D9F-4EE7-A03E-828783D37FBE}"
EndProject
Project("{9A19103F-16F7-4668-BE54-9A1E7A4F7556}") = "Rbac.Entity", "Rbac.Entity\Rbac.Entity.csproj", "{D7F5062A-81CC-43DE-80B8-15CDA723ACB0}"
EndProject
Project("{2150E333-8FDC-42A3-9474-1A3956D46DE8}") = "Rbac.MeunBusiness", "Rbac.MeunBusiness", "{0B849EB6-65D1-4884-BC23-8358241E206F}"
EndProject
Project("{9A19103F-16F7-4668-BE54-9A1E7A4F7556}") = "Rbac.Iservic", "Iservic\Rbac.Iservic.csproj", "{DD7F1AFE-7882-49C1-898B-387D7802FB05}"
EndProject
Project("{9A19103F-16F7-4668-BE54-9A1E7A4F7556}") = "Rbac.servic", "servic\Rbac.servic.csproj", "{3A825100-2A39-42AE-A5E6-BECE84454586}"
EndProject
Project("{2150E333-8FDC-42A3-9474-1A3956D46DE8}") = "RbacMeunDAL", "RbacMeunDAL", "{C4A7034C-DC5C-4CE0-81E2-D8842B32FD6A}"
EndProject
Project("{2150E333-8FDC-42A3-9474-1A3956D46DE8}") = "Rbac.CURDCommonlayer", "Rbac.CURDCommonlayer", "{B0E7AEB9-70C3-4356-92FA-755447752A59}"
EndProject
Project("{9A19103F-16F7-4668-BE54-9A1E7A4F7556}") = "Rbac.IRepository", "Rbac.RoleIRepository\Rbac.IRepository.csproj", "{5066C223-DE0D-4AF4-AFDA-E700103F5970}"
EndProject
Project("{2150E333-8FDC-42A3-9474-1A3956D46DE8}") = "EntityDbcontext", "EntityDbcontext", "{40FB124E-8DDF-4380-925C-868E8A28CCD1}"
EndProject
Project("{9A19103F-16F7-4668-BE54-9A1E7A4F7556}") = "AutomappperConfig", "AutomappperConfig\AutomappperConfig.csproj", "{838292D6-84B8-44AE-B9D2-C674D938638B}"
EndProject
Project("{2150E333-8FDC-42A3-9474-1A3956D46DE8}") = "Rbac.Role_Admin", "Rbac.Role_Admin", "{FDA746BC-50C5-4823-913B-841D25FA87FC}"
EndProject
Project("{9A19103F-16F7-4668-BE54-9A1E7A4F7556}") = "Admin", "Admin\Admin.csproj", "{FFAC3D7F-48BB-457E-A2E8-08DAF8667465}"
EndProject
Project("{9A19103F-16F7-4668-BE54-9A1E7A4F7556}") = "Rbac.Service", "IBaseService\Rbac.Service.csproj", "{E7050319-FD31-4311-8D0D-5C755DAA9986}"
EndProject
Project("{FAE04EC0-301F-11D3-BF4B-00C04F79EFBC}") = "Deletgete", "Deletgete\Deletgete.csproj", "{414981FD-8A39-49A1-9916-35C65BCBFB23}"
EndProject
Project("{FAE04EC0-301F-11D3-BF4B-00C04F79EFBC}") = "Consol", "Consol\Consol.csproj", "{FCF2BBF2-1DCE-41E1-B44E-6849D04FDC92}"
EndProject
Global
	GlobalSection(SolutionConfigurationPlatforms) = preSolution
		Debug|Any CPU = Debug|Any CPU
		Release|Any CPU = Release|Any CPU
	EndGlobalSection
	GlobalSection(ProjectConfigurationPlatforms) = postSolution
		{109A80CC-BEFF-4227-822C-42D5D79E07E5}.Debug|Any CPU.ActiveCfg = Debug|Any CPU
		{109A80CC-BEFF-4227-822C-42D5D79E07E5}.Debug|Any CPU.Build.0 = Debug|Any CPU
		{109A80CC-BEFF-4227-822C-42D5D79E07E5}.Release|Any CPU.ActiveCfg = Release|Any CPU
		{109A80CC-BEFF-4227-822C-42D5D79E07E5}.Release|Any CPU.Build.0 = Release|Any CPU
		{2DF38306-8D9F-4EE7-A03E-828783D37FBE}.Debug|Any CPU.ActiveCfg = Debug|Any CPU
		{2DF38306-8D9F-4EE7-A03E-828783D37FBE}.Debug|Any CPU.Build.0 = Debug|Any CPU
		{2DF38306-8D9F-4EE7-A03E-828783D37FBE}.Release|Any CPU.ActiveCfg = Release|Any CPU
		{2DF38306-8D9F-4EE7-A03E-828783D37FBE}.Release|Any CPU.Build.0 = Release|Any CPU
		{D7F5062A-81CC-43DE-80B8-15CDA723ACB0}.Debug|Any CPU.ActiveCfg = Debug|Any CPU
		{D7F5062A-81CC-43DE-80B8-15CDA723ACB0}.Debug|Any CPU.Build.0 = Debug|Any CPU
		{D7F5062A-81CC-43DE-80B8-15CDA723ACB0}.Release|Any CPU.ActiveCfg = Release|Any CPU
		{D7F5062A-81CC-43DE-80B8-15CDA723ACB0}.Release|Any CPU.Build.0 = Release|Any CPU
		{DD7F1AFE-7882-49C1-898B-387D7802FB05}.Debug|Any CPU.ActiveCfg = Debug|Any CPU
		{DD7F1AFE-7882-49C1-898B-387D7802FB05}.Debug|Any CPU.Build.0 = Debug|Any CPU
		{DD7F1AFE-7882-49C1-898B-387D7802FB05}.Release|Any CPU.ActiveCfg = Release|Any CPU
		{DD7F1AFE-7882-49C1-898B-387D7802FB05}.Release|Any CPU.Build.0 = Release|Any CPU
		{3A825100-2A39-42AE-A5E6-BECE84454586}.Debug|Any CPU.ActiveCfg = Debug|Any CPU
		{3A825100-2A39-42AE-A5E6-BECE84454586}.Debug|Any CPU.Build.0 = Debug|Any CPU
		{3A825100-2A39-42AE-A5E6-BECE84454586}.Release|Any CPU.ActiveCfg = Release|Any CPU
		{3A825100-2A39-42AE-A5E6-BECE84454586}.Release|Any CPU.Build.0 = Release|Any CPU
		{5066C223-DE0D-4AF4-AFDA-E700103F5970}.Debug|Any CPU.ActiveCfg = Debug|Any CPU
		{5066C223-DE0D-4AF4-AFDA-E700103F5970}.Debug|Any CPU.Build.0 = Debug|Any CPU
		{5066C223-DE0D-4AF4-AFDA-E700103F5970}.Release|Any CPU.ActiveCfg = Release|Any CPU
		{5066C223-DE0D-4AF4-AFDA-E700103F5970}.Release|Any CPU.Build.0 = Release|Any CPU
		{838292D6-84B8-44AE-B9D2-C674D938638B}.Debug|Any CPU.ActiveCfg = Debug|Any CPU
		{838292D6-84B8-44AE-B9D2-C674D938638B}.Debug|Any CPU.Build.0 = Debug|Any CPU
		{838292D6-84B8-44AE-B9D2-C674D938638B}.Release|Any CPU.ActiveCfg = Release|Any CPU
		{838292D6-84B8-44AE-B9D2-C674D938638B}.Release|Any CPU.Build.0 = Release|Any CPU
		{FFAC3D7F-48BB-457E-A2E8-08DAF8667465}.Debug|Any CPU.ActiveCfg = Debug|Any CPU
		{FFAC3D7F-48BB-457E-A2E8-08DAF8667465}.Debug|Any CPU.Build.0 = Debug|Any CPU
		{FFAC3D7F-48BB-457E-A2E8-08DAF8667465}.Release|Any CPU.ActiveCfg = Release|Any CPU
		{FFAC3D7F-48BB-457E-A2E8-08DAF8667465}.Release|Any CPU.Build.0 = Release|Any CPU
		{E7050319-FD31-4311-8D0D-5C755DAA9986}.Debug|Any CPU.ActiveCfg = Debug|Any CPU
		{E7050319-FD31-4311-8D0D-5C755DAA9986}.Debug|Any CPU.Build.0 = Debug|Any CPU
		{E7050319-FD31-4311-8D0D-5C755DAA9986}.Release|Any CPU.ActiveCfg = Release|Any CPU
		{E7050319-FD31-4311-8D0D-5C755DAA9986}.Release|Any CPU.Build.0 = Release|Any CPU
		{414981FD-8A39-49A1-9916-35C65BCBFB23}.Debug|Any CPU.ActiveCfg = Debug|Any CPU
		{414981FD-8A39-49A1-9916-35C65BCBFB23}.Debug|Any CPU.Build.0 = Debug|Any CPU
		{414981FD-8A39-49A1-9916-35C65BCBFB23}.Release|Any CPU.ActiveCfg = Release|Any CPU
		{414981FD-8A39-49A1-9916-35C65BCBFB23}.Release|Any CPU.Build.0 = Release|Any CPU
		{FCF2BBF2-1DCE-41E1-B44E-6849D04FDC92}.Debug|Any CPU.ActiveCfg = Debug|Any CPU
		{FCF2BBF2-1DCE-41E1-B44E-6849D04FDC92}.Debug|Any CPU.Build.0 = Debug|Any CPU
		{FCF2BBF2-1DCE-41E1-B44E-6849D04FDC92}.Release|Any CPU.ActiveCfg = Release|Any CPU
		{FCF2BBF2-1DCE-41E1-B44E-6849D04FDC92}.Release|Any CPU.Build.0 = Release|Any CPU
	EndGlobalSection
	GlobalSection(SolutionProperties) = preSolution
		HideSolutionNode = FALSE
	EndGlobalSection
	GlobalSection(NestedProjects) = preSolution
		{109A80CC-BEFF-4227-822C-42D5D79E07E5} = {40FB124E-8DDF-4380-925C-868E8A28CCD1}
		{D7F5062A-81CC-43DE-80B8-15CDA723ACB0} = {40FB124E-8DDF-4380-925C-868E8A28CCD1}
		{DD7F1AFE-7882-49C1-898B-387D7802FB05} = {C4A7034C-DC5C-4CE0-81E2-D8842B32FD6A}
		{3A825100-2A39-42AE-A5E6-BECE84454586} = {C4A7034C-DC5C-4CE0-81E2-D8842B32FD6A}
		{C4A7034C-DC5C-4CE0-81E2-D8842B32FD6A} = {0B849EB6-65D1-4884-BC23-8358241E206F}
		{5066C223-DE0D-4AF4-AFDA-E700103F5970} = {B0E7AEB9-70C3-4356-92FA-755447752A59}
		{FFAC3D7F-48BB-457E-A2E8-08DAF8667465} = {FDA746BC-50C5-4823-913B-841D25FA87FC}
		{E7050319-FD31-4311-8D0D-5C755DAA9986} = {FDA746BC-50C5-4823-913B-841D25FA87FC}
	EndGlobalSection
	GlobalSection(ExtensibilityGlobals) = postSolution
		SolutionGuid = {CA3F1234-F227-4197-A9CA-E722BF68B6F3}
	EndGlobalSection
EndGlobal
